
Microsoft Visual Studio Solution File, Format Version 12.00
# Visual Studio Version 16
VisualStudioVersion = 16.0.32428.217
MinimumVisualStudioVersion = 10.0.40219.1
Project("{FAE04EC0-301F-11D3-BF4B-00C04F79EFBC}") = "Practice", "Practice\Practice.csproj", "{8C38550B-198E-4314-9510-FFB99F8BEF90}"
EndProject
Global
	GlobalSection(SolutionConfigurationPlatforms) = preSolution
		Debug|Any CPU = Debug|Any CPU
		Release|Any CPU = Release|Any CPU
	EndGlobalSection
	GlobalSection(ProjectConfigurationPlatforms) = postSolution
		{8C38550B-198E-4314-9510-FFB99F8BEF90}.Debug|Any CPU.ActiveCfg = Debug|Any CPU
		{8C38550B-198E-4314-9510-FFB99F8BEF90}.Debug|Any CPU.Build.0 = Debug|Any CPU
		{8C38550B-198E-4314-9510-FFB99F8BEF90}.Release|Any CPU.ActiveCfg = Release|Any CPU
		{8C38550B-198E-4314-9510-FFB99F8BEF90}.Release|Any CPU.Build.0 = Release|Any CPU
	EndGlobalSection
	GlobalSection(SolutionProperties) = preSolution
		HideSolutionNode = FALSE
	EndGlobalSection
	GlobalSection(ExtensibilityGlobals) = postSolution
		SolutionGuid = {F0E209C6-B87D-48D7-B50F-FC9C78064CF5}
	EndGlobalSection
EndGlobal
