
Microsoft Visual Studio Solution File, Format Version 12.00
# Visual Studio Version 17
VisualStudioVersion = 17.1.32210.238
MinimumVisualStudioVersion = 10.0.40219.1
Project("{FAE04EC0-301F-11D3-BF4B-00C04F79EFBC}") = "mission", "mission\mission.csproj", "{35A3EDEF-E4AD-4004-A3FE-16B4DD4E4E42}"
EndProject
Global
	GlobalSection(SolutionConfigurationPlatforms) = preSolution
		Debug|Any CPU = Debug|Any CPU
		Release|Any CPU = Release|Any CPU
	EndGlobalSection
	GlobalSection(ProjectConfigurationPlatforms) = postSolution
		{35A3EDEF-E4AD-4004-A3FE-16B4DD4E4E42}.Debug|Any CPU.ActiveCfg = Debug|Any CPU
		{35A3EDEF-E4AD-4004-A3FE-16B4DD4E4E42}.Debug|Any CPU.Build.0 = Debug|Any CPU
		{35A3EDEF-E4AD-4004-A3FE-16B4DD4E4E42}.Release|Any CPU.ActiveCfg = Release|Any CPU
		{35A3EDEF-E4AD-4004-A3FE-16B4DD4E4E42}.Release|Any CPU.Build.0 = Release|Any CPU
	EndGlobalSection
	GlobalSection(SolutionProperties) = preSolution
		HideSolutionNode = FALSE
	EndGlobalSection
	GlobalSection(ExtensibilityGlobals) = postSolution
		SolutionGuid = {12E1449D-2CD6-43AB-A8C7-9905D3E80415}
	EndGlobalSection
EndGlobal
